{
  "name": "a01-tupshinzhu",
  "version": "1.0.0",
  "lockfileVersion": 2,
  "requires": true,
  "packages": {
    "": {
      "name": "a01-tupshinzhu",
      "version": "1.0.0",
      "license": "GPL-3.0-or-later",
      "dependencies": {
        "minimalist": "^1.0.0"
      }
    },
    "node_modules/minimalist": {
      "version": "1.0.0",
      "resolved": "https://registry.npmjs.org/minimalist/-/minimalist-1.0.0.tgz",
      "integrity": "sha512-T6oJUBnYEDlcbyk5DwxnoCSDcaOlQPaODJkoaNtb1ueg1OkxowihbBd53FBfXrCNK116VQI9sCP8j7drx5GJyA=="
    }
  },
  "dependencies": {
    "minimalist": {
      "version": "1.0.0",
      "resolved": "https://registry.npmjs.org/minimalist/-/minimalist-1.0.0.tgz",
      "integrity": "sha512-T6oJUBnYEDlcbyk5DwxnoCSDcaOlQPaODJkoaNtb1ueg1OkxowihbBd53FBfXrCNK116VQI9sCP8j7drx5GJyA=="
    }
  }
}
